
Microsoft Visual Studio Solution File, Format Version 12.00
# Visual Studio 15
VisualStudioVersion = 15.0.28010.2048
MinimumVisualStudioVersion = 10.0.40219.1
Project("{FAE04EC0-301F-11D3-BF4B-00C04F79EFBC}") = "13DecFood", "13DecFood\13DecFood.csproj", "{A81C8AE0-8E9C-476B-857F-CF6C4EB5EAAD}"
EndProject
Global
	GlobalSection(SolutionConfigurationPlatforms) = preSolution
		Debug|Any CPU = Debug|Any CPU
		Release|Any CPU = Release|Any CPU
	EndGlobalSection
	GlobalSection(ProjectConfigurationPlatforms) = postSolution
		{A81C8AE0-8E9C-476B-857F-CF6C4EB5EAAD}.Debug|Any CPU.ActiveCfg = Debug|Any CPU
		{A81C8AE0-8E9C-476B-857F-CF6C4EB5EAAD}.Debug|Any CPU.Build.0 = Debug|Any CPU
		{A81C8AE0-8E9C-476B-857F-CF6C4EB5EAAD}.Release|Any CPU.ActiveCfg = Release|Any CPU
		{A81C8AE0-8E9C-476B-857F-CF6C4EB5EAAD}.Release|Any CPU.Build.0 = Release|Any CPU
	EndGlobalSection
	GlobalSection(SolutionProperties) = preSolution
		HideSolutionNode = FALSE
	EndGlobalSection
	GlobalSection(ExtensibilityGlobals) = postSolution
		SolutionGuid = {4DDAEBB2-9D07-456D-B2CF-5090ABAD2338}
	EndGlobalSection
EndGlobal
